PATH
  remote: .
  specs:
    liquid (5.11.0)
      bigdecimal
      strscan (>= 3.1.1)

GEM
  remote: https://rubygems.org/
  specs:
    base64 (0.3.0)
    bigdecimal (4.1.0)
    drb (2.2.3)
    lru_redux (1.1.0)
    minitest (6.0.2)
      drb (~> 2.0)
      prism (~> 1.5)
    prism (1.9.0)
    rake (13.3.1)
    stackprof (0.2.28)
    strscan (3.1.7)

PLATFORMS
  arm64-darwin-25
  ruby

DEPENDENCIES
  base64
  liquid!
  lru_redux
  minitest
  rake (~> 13.0)
  stackprof

CHECKSUMS
  base64 (0.3.0) sha256=27337aeabad6ffae05c265c450490628ef3ebd4b67be58257393227588f5a97b
  bigdecimal (4.1.0) sha256=6dc07767aa3dc456ccd48e7ae70a07b474e9afd7c5bc576f80bd6da5c8dd6cae
  drb (2.2.3) sha256=0b00d6fdb50995fe4a45dea13663493c841112e4068656854646f418fda13373
  liquid (5.11.0)
  lru_redux (1.1.0) sha256=ee71d0ccab164c51de146c27b480a68b3631d5b4297b8ffe8eda1c72de87affb
  minitest (6.0.2) sha256=db6e57956f6ecc6134683b4c87467d6dd792323c7f0eea7b93f66bd284adbc3d
  prism (1.9.0) sha256=7b530c6a9f92c24300014919c9dcbc055bf4cdf51ec30aed099b06cd6674ef85
  rake (13.3.1) sha256=8c9e89d09f66a26a01264e7e3480ec0607f0c497a861ef16063604b1b08eb19c
  stackprof (0.2.28) sha256=4ec2ace02f386012b40ca20ef80c030ad711831f59511da12e83b34efb0f9a04
  strscan (3.1.7) sha256=5f76462b94a3ea50b44973225b7d75b2cb96d4e1bee9ef1319b99ca117b72c8c

BUNDLED WITH
  4.0.8
